
Microsoft Visual Studio Solution File, Format Version 12.00
# Visual Studio Version 17
VisualStudioVersion = 17.4.33213.308
MinimumVisualStudioVersion = 10.0.40219.1
Project("{FAE04EC0-301F-11D3-BF4B-00C04F79EFBC}") = "CS322-PZ-NevenaMilenkovic4021", "CS322-PZ-NevenaMilenkovic4021\CS322-PZ-NevenaMilenkovic4021.csproj", "{AF6FC3C0-70A8-461B-BCF1-780D50F37A3D}"
EndProject
Global
	GlobalSection(SolutionConfigurationPlatforms) = preSolution
		Debug|Any CPU = Debug|Any CPU
		Release|Any CPU = Release|Any CPU
	EndGlobalSection
	GlobalSection(ProjectConfigurationPlatforms) = postSolution
		{AF6FC3C0-70A8-461B-BCF1-780D50F37A3D}.Debug|Any CPU.ActiveCfg = Debug|Any CPU
		{AF6FC3C0-70A8-461B-BCF1-780D50F37A3D}.Debug|Any CPU.Build.0 = Debug|Any CPU
		{AF6FC3C0-70A8-461B-BCF1-780D50F37A3D}.Release|Any CPU.ActiveCfg = Release|Any CPU
		{AF6FC3C0-70A8-461B-BCF1-780D50F37A3D}.Release|Any CPU.Build.0 = Release|Any CPU
	EndGlobalSection
	GlobalSection(SolutionProperties) = preSolution
		HideSolutionNode = FALSE
	EndGlobalSection
	GlobalSection(ExtensibilityGlobals) = postSolution
		SolutionGuid = {D9AB6259-22FC-4956-9E02-D77A17663248}
	EndGlobalSection
EndGlobal
